// !$*UTF8*$!
{
	archiveVersion = 1;
	classes = {
	};
	objectVersion = 46;
	objects = {

/* Begin PBXBuildFile section */
		075619951F5A4E58005B9251 /* LLPIXEL3.ttf in Resources */ = {isa = PBXBuildFile; fileRef = 075619941F5A4E58005B9251 /* LLPIXEL3.ttf */; };
		075FD6281F5A17130094AB65 /* AppDelegate.swift in Sources */ = {isa = PBXBuildFile; fileRef = 075FD6271F5A17130094AB65 /* AppDelegate.swift */; };
		075FD62A1F5A17130094AB65 /* GameScene.sks in Resources */ = {isa = PBXBuildFile; fileRef = 075FD6291F5A17130094AB65 /* GameScene.sks */; };
		075FD62C1F5A17130094AB65 /* Actions.sks in Resources */ = {isa = PBXBuildFile; fileRef = 075FD62B1F5A17130094AB65 /* Actions.sks */; };
		075FD62E1F5A17130094AB65 /* GameScene.swift in Sources */ = {isa = PBXBuildFile; fileRef = 075FD62D1F5A17130094AB65 /* GameScene.swift */; };
		075FD6301F5A17130094AB65 /* GameViewController.swift in Sources */ = {isa = PBXBuildFile; fileRef = 075FD62F1F5A17130094AB65 /* GameViewController.swift */; };
		075FD6331F5A17130094AB65 /* Main.storyboard in Resources */ = {isa = PBXBuildFile; fileRef = 075FD6311F5A17130094AB65 /* Main.storyboard */; };
		075FD6351F5A17130094AB65 /* Assets.xcassets in Resources */ = {isa = PBXBuildFile; fileRef = 075FD6341F5A17130094AB65 /* Assets.xcassets */; };
		075FD6381F5A17130094AB65 /* LaunchScreen.storyboard in Resources */ = {isa = PBXBuildFile; fileRef = 075FD6361F5A17130094AB65 /* LaunchScreen.storyboard */; };
		075FD6431F5A17140094AB65 /* PongTests.swift in Sources */ = {isa = PBXBuildFile; fileRef = 075FD6421F5A17140094AB65 /* PongTests.swift */; };
		075FD64E1F5A17140094AB65 /* PongUITests.swift in Sources */ = {isa = PBXBuildFile; fileRef = 075FD64D1F5A17140094AB65 /* PongUITests.swift */; };
		07863B1D1F5A587A007643C1 /* MenuVC.swift in Sources */ = {isa = PBXBuildFile; fileRef = 07863B1C1F5A587A007643C1 /* MenuVC.swift */; };
/* End PBXBuildFile section */

/* Begin PBXContainerItemProxy section */
		075FD63F1F5A17140094AB65 /* PBXContainerItemProxy */ = {
			isa = PBXContainerItemProxy;
			containerPortal = 075FD61C1F5A17130094AB65 /* Project object */;
			proxyType = 1;
			remoteGlobalIDString = 075FD6231F5A17130094AB65;
			remoteInfo = Pong;
		};
		075FD64A1F5A17140094AB65 /* PBXContainerItemProxy */ = {
			isa = PBXContainerItemProxy;
			containerPortal = 075FD61C1F5A17130094AB65 /* Project object */;
			proxyType = 1;
			remoteGlobalIDString = 075FD6231F5A17130094AB65;
			remoteInfo = Pong;
		};
/* End PBXContainerItemProxy section */

/* Begin PBXFileReference section */
		075619941F5A4E58005B9251 /* LLPIXEL3.ttf */ = {isa = PBXFileReference; lastKnownFileType = file; path = LLPIXEL3.ttf; sourceTree = "<group>"; };
		075FD6241F5A17130094AB65 /* Pong.app */ = {isa = PBXFileReference; explicitFileType = wrapper.application; includeInIndex = 0; path = Pong.app; sourceTree = BUILT_PRODUCTS_DIR; };
		075FD6271F5A17130094AB65 /* AppDelegate.swift */ = {isa = PBXFileReference; lastKnownFileType = sourcecode.swift; path = AppDelegate.swift; sourceTree = "<group>"; };
		075FD6291F5A17130094AB65 /* GameScene.sks */ = {isa = PBXFileReference; lastKnownFileType = file.sks; path = GameScene.sks; sourceTree = "<group>"; };
		075FD62B1F5A17130094AB65 /* Actions.sks */ = {isa = PBXFileReference; lastKnownFileType = file.sks; path = Actions.sks; sourceTree = "<group>"; };
		075FD62D1F5A17130094AB65 /* GameScene.swift */ = {isa = PBXFileReference; lastKnownFileType = sourcecode.swift; path = GameScene.swift; sourceTree = "<group>"; };
		075FD62F1F5A17130094AB65 /* GameViewController.swift */ = {isa = PBXFileReference; lastKnownFileType = sourcecode.swift; path = GameViewController.swift; sourceTree = "<group>"; };
		075FD6321F5A17130094AB65 /* Base */ = {isa = PBXFileReference; lastKnownFileType = file.storyboard; name = Base; path = Base.lproj/Main.storyboard; sourceTree = "<group>"; };
		075FD6341F5A17130094AB65 /* Assets.xcassets */ = {isa = PBXFileReference; lastKnownFileType = folder.assetcatalog; path = Assets.xcassets; sourceTree = "<group>"; };
		075FD6371F5A17130094AB65 /* Base */ = {isa = PBXFileReference; lastKnownFileType = file.storyboard; name = Base; path = Base.lproj/LaunchScreen.storyboard; sourceTree = "<group>"; };
		075FD6391F5A17130094AB65 /* Info.plist */ = {isa = PBXFileReference; lastKnownFileType = text.plist.xml; path = Info.plist; sourceTree = "<group>"; };
		075FD63E1F5A17140094AB65 /* PongTests.xctest */ = {isa = PBXFileReference; explicitFileType = wrapper.cfbundle; includeInIndex = 0; path = PongTests.xctest; sourceTree = BUILT_PRODUCTS_DIR; };
		075FD6421F5A17140094AB65 /* PongTests.swift */ = {isa = PBXFileReference; lastKnownFileType = sourcecode.swift; path = PongTests.swift; sourceTree = "<group>"; };
		075FD6441F5A17140094AB65 /* Info.plist */ = {isa = PBXFileReference; lastKnownFileType = text.plist.xml; path = Info.plist; sourceTree = "<group>"; };
		075FD6491F5A17140094AB65 /* PongUITests.xctest */ = {isa = PBXFileReference; explicitFileType = wrapper.cfbundle; includeInIndex = 0; path = PongUITests.xctest; sourceTree = BUILT_PRODUCTS_DIR; };
		075FD64D1F5A17140094AB65 /* PongUITests.swift */ = {isa = PBXFileReference; lastKnownFileType = sourcecode.swift; path = PongUITests.swift; sourceTree = "<group>"; };
		075FD64F1F5A17140094AB65 /* Info.plist */ = {isa = PBXFileReference; lastKnownFileType = text.plist.xml; path = Info.plist; sourceTree = "<group>"; };
		07863B1C1F5A587A007643C1 /* MenuVC.swift */ = {isa = PBXFileReference; fileEncoding = 4; lastKnownFileType = sourcecode.swift; name = MenuVC.swift; path = ../../../../JesusIsKing/Desktop/Pong/Pong/MenuVC.swift; sourceTree = "<group>"; };
/* End PBXFileReference section */

/* Begin PBXFrameworksBuildPhase section */
		075FD6211F5A17130094AB65 /* Frameworks */ = {
			isa = PBXFrameworksBuildPhase;
			buildActionMask = 2147483647;
			files = (
			);
			runOnlyForDeploymentPostprocessing = 0;
		};
		075FD63B1F5A17140094AB65 /* Frameworks */ = {
			isa = PBXFrameworksBuildPhase;
			buildActionMask = 2147483647;
			files = (
			);
			runOnlyForDeploymentPostprocessing = 0;
		};
		075FD6461F5A17140094AB65 /* Frameworks */ = {
			isa = PBXFrameworksBuildPhase;
			buildActionMask = 2147483647;
			files = (
			);
			runOnlyForDeploymentPostprocessing = 0;
		};
/* End PBXFrameworksBuildPhase section */

/* Begin PBXGroup section */
		075FD61B1F5A17130094AB65 = {
			isa = PBXGroup;
			children = (
				075FD6261F5A17130094AB65 /* Pong */,
				075FD6411F5A17140094AB65 /* PongTests */,
				075FD64C1F5A17140094AB65 /* PongUITests */,
				075FD6251F5A17130094AB65 /* Products */,
			);
			sourceTree = "<group>";
		};
		075FD6251F5A17130094AB65 /* Products */ = {
			isa = PBXGroup;
			children = (
				075FD6241F5A17130094AB65 /* Pong.app */,
				075FD63E1F5A17140094AB65 /* PongTests.xctest */,
				075FD6491F5A17140094AB65 /* PongUITests.xctest */,
			);
			name = Products;
			sourceTree = "<group>";
		};
		075FD6261F5A17130094AB65 /* Pong */ = {
			isa = PBXGroup;
			children = (
				075619941F5A4E58005B9251 /* LLPIXEL3.ttf */,
				075FD6271F5A17130094AB65 /* AppDelegate.swift */,
				075FD6291F5A17130094AB65 /* GameScene.sks */,
				07863B1C1F5A587A007643C1 /* MenuVC.swift */,
				075FD62B1F5A17130094AB65 /* Actions.sks */,
				075FD62D1F5A17130094AB65 /* GameScene.swift */,
				075FD62F1F5A17130094AB65 /* GameViewController.swift */,
				075FD6311F5A17130094AB65 /* Main.storyboard */,
				075FD6341F5A17130094AB65 /* Assets.xcassets */,
				075FD6361F5A17130094AB65 /* LaunchScreen.storyboard */,
				075FD6391F5A17130094AB65 /* Info.plist */,
			);
			path = Pong;
			sourceTree = "<group>";
		};
		075FD6411F5A17140094AB65 /* PongTests */ = {
			isa = PBXGroup;
			children = (
				075FD6421F5A17140094AB65 /* PongTests.swift */,
				075FD6441F5A17140094AB65 /* Info.plist */,
			);
			path = PongTests;
			sourceTree = "<group>";
		};
		075FD64C1F5A17140094AB65 /* PongUITests */ = {
			isa = PBXGroup;
			children = (
				075FD64D1F5A17140094AB65 /* PongUITests.swift */,
				075FD64F1F5A17140094AB65 /* Info.plist */,
			);
			path = PongUITests;
			sourceTree = "<group>";
		};
/* End PBXGroup section */

/* Begin PBXNativeTarget section */
		075FD6231F5A17130094AB65 /* Pong */ = {
			isa = PBXNativeTarget;
			buildConfigurationList = 075FD6521F5A17140094AB65 /* Build configuration list for PBXNativeTarget "Pong" */;
			buildPhases = (
				075FD6201F5A17130094AB65 /* Sources */,
				075FD6211F5A17130094AB65 /* Frameworks */,
				075FD6221F5A17130094AB65 /* Resources */,
			);
			buildRules = (
			);
			dependencies = (
			);
			name = Pong;
			productName = Pong;
			productReference = 075FD6241F5A17130094AB65 /* Pong.app */;
			productType = "com.apple.product-type.application";
		};
		075FD63D1F5A17140094AB65 /* PongTests */ = {
			isa = PBXNativeTarget;
			buildConfigurationList = 075FD6551F5A17140094AB65 /* Build configuration list for PBXNativeTarget "PongTests" */;
			buildPhases = (
				075FD63A1F5A17140094AB65 /* Sources */,
				075FD63B1F5A17140094AB65 /* Frameworks */,
				075FD63C1F5A17140094AB65 /* Resources */,
			);
			buildRules = (
			);
			dependencies = (
				075FD6401F5A17140094AB65 /* PBXTargetDependency */,
			);
			name = PongTests;
			productName = PongTests;
			productReference = 075FD63E1F5A17140094AB65 /* PongTests.xctest */;
			productType = "com.apple.product-type.bundle.unit-test";
		};
		075FD6481F5A17140094AB65 /* PongUITests */ = {
			isa = PBXNativeTarget;
			buildConfigurationList = 075FD6581F5A17140094AB65 /* Build configuration list for PBXNativeTarget "PongUITests" */;
			buildPhases = (
				075FD6451F5A17140094AB65 /* Sources */,
				075FD6461F5A17140094AB65 /* Frameworks */,
				075FD6471F5A17140094AB65 /* Resources */,
			);
			buildRules = (
			);
			dependencies = (
				075FD64B1F5A17140094AB65 /* PBXTargetDependency */,
			);
			name = PongUITests;
			productName = PongUITests;
			productReference = 075FD6491F5A17140094AB65 /* PongUITests.xctest */;
			productType = "com.apple.product-type.bundle.ui-testing";
		};
/* End PBXNativeTarget section */

/* Begin PBXProject section */
		075FD61C1F5A17130094AB65 /* Project object */ = {
			isa = PBXProject;
			attributes = {
				LastSwiftUpdateCheck = 0830;
				LastUpgradeCheck = 0830;
				ORGANIZATIONNAME = "Eric Liu";
				TargetAttributes = {
					075FD6231F5A17130094AB65 = {
						CreatedOnToolsVersion = 8.3.3;
						ProvisioningStyle = Automatic;
					};
					075FD63D1F5A17140094AB65 = {
						CreatedOnToolsVersion = 8.3.3;
						ProvisioningStyle = Automatic;
						TestTargetID = 075FD6231F5A17130094AB65;
					};
					075FD6481F5A17140094AB65 = {
						CreatedOnToolsVersion = 8.3.3;
						ProvisioningStyle = Automatic;
						TestTargetID = 075FD6231F5A17130094AB65;
					};
				};
			};
			buildConfigurationList = 075FD61F1F5A17130094AB65 /* Build configuration list for PBXProject "Pong" */;
			compatibilityVersion = "Xcode 3.2";
			developmentRegion = English;
			hasScannedForEncodings = 0;
			knownRegions = (
				en,
				Base,
			);
			mainGroup = 075FD61B1F5A17130094AB65;
			productRefGroup = 075FD6251F5A17130094AB65 /* Products */;
			projectDirPath = "";
			projectRoot = "";
			targets = (
				075FD6231F5A17130094AB65 /* Pong */,
				075FD63D1F5A17140094AB65 /* PongTests */,
				075FD6481F5A17140094AB65 /* PongUITests */,
			);
		};
/* End PBXProject section */

/* Begin PBXResourcesBuildPhase section */
		075FD6221F5A17130094AB65 /* Resources */ = {
			isa = PBXResourcesBuildPhase;
			buildActionMask = 2147483647;
			files = (
				075FD6331F5A17130094AB65 /* Main.storyboard in Resources */,
				075619951F5A4E58005B9251 /* LLPIXEL3.ttf in Resources */,
				075FD62A1F5A17130094AB65 /* GameScene.sks in Resources */,
				075FD6351F5A17130094AB65 /* Assets.xcassets in Resources */,
				075FD6381F5A17130094AB65 /* LaunchScreen.storyboard in Resources */,
				075FD62C1F5A17130094AB65 /* Actions.sks in Resources */,
			);
			runOnlyForDeploymentPostprocessing = 0;
		};
		075FD63C1F5A17140094AB65 /* Resources */ = {
			isa = PBXResourcesBuildPhase;
			buildActionMask = 2147483647;
			files = (
			);
			runOnlyForDeploymentPostprocessing = 0;
		};
		075FD6471F5A17140094AB65 /* Resources */ = {
			isa = PBXResourcesBuildPhase;
			buildActionMask = 2147483647;
			files = (
			);
			runOnlyForDeploymentPostprocessing = 0;
		};
/* End PBXResourcesBuildPhase section */

/* Begin PBXSourcesBuildPhase section */
		075FD6201F5A17130094AB65 /* Sources */ = {
			isa = PBXSourcesBuildPhase;
			buildActionMask = 2147483647;
			files = (
				075FD62E1F5A17130094AB65 /* GameScene.swift in Sources */,
				07863B1D1F5A587A007643C1 /* MenuVC.swift in Sources */,
				075FD6301F5A17130094AB65 /* GameViewController.swift in Sources */,
				075FD6281F5A17130094AB65 /* AppDelegate.swift in Sources */,
			);
			runOnlyForDeploymentPostprocessing = 0;
		};
		075FD63A1F5A17140094AB65 /* Sources */ = {
			isa = PBXSourcesBuildPhase;
			buildActionMask = 2147483647;
			files = (
				075FD6431F5A17140094AB65 /* PongTests.swift in Sources */,
			);
			runOnlyForDeploymentPostprocessing = 0;
		};
		075FD6451F5A17140094AB65 /* Sources */ = {
			isa = PBXSourcesBuildPhase;
			buildActionMask = 2147483647;
			files = (
				075FD64E1F5A17140094AB65 /* PongUITests.swift in Sources */,
			);
			runOnlyForDeploymentPostprocessing = 0;
		};
/* End PBXSourcesBuildPhase section */

/* Begin PBXTargetDependency section */
		075FD6401F5A17140094AB65 /* PBXTargetDependency */ = {
			isa = PBXTargetDependency;
			target = 075FD6231F5A17130094AB65 /* Pong */;
			targetProxy = 075FD63F1F5A17140094AB65 /* PBXContainerItemProxy */;
		};
		075FD64B1F5A17140094AB65 /* PBXTargetDependency */ = {
			isa = PBXTargetDependency;
			target = 075FD6231F5A17130094AB65 /* Pong */;
			targetProxy = 075FD64A1F5A17140094AB65 /* PBXContainerItemProxy */;
		};
/* End PBXTargetDependency section */

/* Begin PBXVariantGroup section */
		075FD6311F5A17130094AB65 /* Main.storyboard */ = {
			isa = PBXVariantGroup;
			children = (
				075FD6321F5A17130094AB65 /* Base */,
			);
			name = Main.storyboard;
			sourceTree = "<group>";
		};
		075FD6361F5A17130094AB65 /* LaunchScreen.storyboard */ = {
			isa = PBXVariantGroup;
			children = (
				075FD6371F5A17130094AB65 /* Base */,
			);
			name = LaunchScreen.storyboard;
			sourceTree = "<group>";
		};
/* End PBXVariantGroup section */

/* Begin XCBuildConfiguration section */
		075FD6501F5A17140094AB65 /* Debug */ = {
			isa = XCBuildConfiguration;
			buildSettings = {
				ALWAYS_SEARCH_USER_PATHS = NO;
				CLANG_ANALYZER_NONNULL = YES;
				CLANG_ANALYZER_NUMBER_OBJECT_CONVERSION = YES_AGGRESSIVE;
				CLANG_CXX_LANGUAGE_STANDARD = "gnu++0x";
				CLANG_CXX_LIBRARY = "libc++";
				CLANG_ENABLE_MODULES = YES;
				CLANG_ENABLE_OBJC_ARC = YES;
				CLANG_WARN_BOOL_CONVERSION = YES;
				CLANG_WARN_CONSTANT_CONVERSION = YES;
				CLANG_WARN_DIRECT_OBJC_ISA_USAGE = YES_ERROR;
				CLANG_WARN_DOCUMENTATION_COMMENTS = YES;
				CLANG_WARN_EMPTY_BODY = YES;
				CLANG_WARN_ENUM_CONVERSION = YES;
				CLANG_WARN_INFINITE_RECURSION = YES;
				CLANG_WARN_INT_CONVERSION = YES;
				CLANG_WARN_OBJC_ROOT_CLASS = YES_ERROR;
				CLANG_WARN_SUSPICIOUS_MOVE = YES;
				CLANG_WARN_UNREACHABLE_CODE = YES;
				CLANG_WARN__DUPLICATE_METHOD_MATCH = YES;
				"CODE_SIGN_IDENTITY[sdk=iphoneos*]" = "iPhone Developer";
				COPY_PHASE_STRIP = NO;
				DEBUG_INFORMATION_FORMAT = dwarf;
				ENABLE_STRICT_OBJC_MSGSEND = YES;
				ENABLE_TESTABILITY = YES;
				GCC_C_LANGUAGE_STANDARD = gnu99;
				GCC_DYNAMIC_NO_PIC = NO;
				GCC_NO_COMMON_BLOCKS = YES;
				GCC_OPTIMIZATION_LEVEL = 0;
				GCC_PREPROCESSOR_DEFINITIONS = (
					"DEBUG=1",
					"$(inherited)",
				);
				GCC_WARN_64_TO_32_BIT_CONVERSION = YES;
				GCC_WARN_ABOUT_RETURN_TYPE = YES_ERROR;
				GCC_WARN_UNDECLARED_SELECTOR = YES;
				GCC_WARN_UNINITIALIZED_AUTOS = YES_AGGRESSIVE;
				GCC_WARN_UNUSED_FUNCTION = YES;
				GCC_WARN_UNUSED_VARIABLE = YES;
				IPHONEOS_DEPLOYMENT_TARGET = 10.3;
				MTL_ENABLE_DEBUG_INFO = YES;
				ONLY_ACTIVE_ARCH = YES;
				SDKROOT = iphoneos;
				SWIFT_ACTIVE_COMPILATION_CONDITIONS = DEBUG;
				SWIFT_OPTIMIZATION_LEVEL = "-Onone";
				TARGETED_DEVICE_FAMILY = "1,2";
			};
			name = Debug;
		};
		075FD6511F5A17140094AB65 /* Release */ = {
			isa = XCBuildConfiguration;
			buildSettings = {
				ALWAYS_SEARCH_USER_PATHS = NO;
				CLANG_ANALYZER_NONNULL = YES;
				CLANG_ANALYZER_NUMBER_OBJECT_CONVERSION = YES_AGGRESSIVE;
				CLANG_CXX_LANGUAGE_STANDARD = "gnu++0x";
				CLANG_CXX_LIBRARY = "libc++";
				CLANG_ENABLE_MODULES = YES;
				CLANG_ENABLE_OBJC_ARC = YES;
				CLANG_WARN_BOOL_CONVERSION = YES;
				CLANG_WARN_CONSTANT_CONVERSION = YES;
				CLANG_WARN_DIRECT_OBJC_ISA_USAGE = YES_ERROR;
				CLANG_WARN_DOCUMENTATION_COMMENTS = YES;
				CLANG_WARN_EMPTY_BODY = YES;
				CLANG_WARN_ENUM_CONVERSION = YES;
				CLANG_WARN_INFINITE_RECURSION = YES;
				CLANG_WARN_INT_CONVERSION = YES;
				CLANG_WARN_OBJC_ROOT_CLASS = YES_ERROR;
				CLANG_WARN_SUSPICIOUS_MOVE = YES;
				CLANG_WARN_UNREACHABLE_CODE = YES;
				CLANG_WARN__DUPLICATE_METHOD_MATCH = YES;
				"CODE_SIGN_IDENTITY[sdk=iphoneos*]" = "iPhone Developer";
				COPY_PHASE_STRIP = NO;
				DEBUG_INFORMATION_FORMAT = "dwarf-with-dsym";
				ENABLE_NS_ASSERTIONS = NO;
				ENABLE_STRICT_OBJC_MSGSEND = YES;
				GCC_C_LANGUAGE_STANDARD = gnu99;
				GCC_NO_COMMON_BLOCKS = YES;
				GCC_WARN_64_TO_32_BIT_CONVERSION = YES;
				GCC_WARN_ABOUT_RETURN_TYPE = YES_ERROR;
				GCC_WARN_UNDECLARED_SELECTOR = YES;
				GCC_WARN_UNINITIALIZED_AUTOS = YES_AGGRESSIVE;
				GCC_WARN_UNUSED_FUNCTION = YES;
				GCC_WARN_UNUSED_VARIABLE = YES;
				IPHONEOS_DEPLOYMENT_TARGET = 10.3;
				MTL_ENABLE_DEBUG_INFO = NO;
				SDKROOT = iphoneos;
				SWIFT_OPTIMIZATION_LEVEL = "-Owholemodule";
				TARGETED_DEVICE_FAMILY = "1,2";
				VALIDATE_PRODUCT = YES;
			};
			name = Release;
		};
		075FD6531F5A17140094AB65 /* Debug */ = {
			isa = XCBuildConfiguration;
			buildSettings = {
				ASSETCATALOG_COMPILER_APPICON_NAME = AppIcon;
				INFOPLIST_FILE = Pong/Info.plist;
				LD_RUNPATH_SEARCH_PATHS = "$(inherited) @executable_path/Frameworks";
				PRODUCT_BUNDLE_IDENTIFIER = eric574.Pong;
				PRODUCT_NAME = "$(TARGET_NAME)";
				SWIFT_VERSION = 3.0;
			};
			name = Debug;
		};
		075FD6541F5A17140094AB65 /* Release */ = {
			isa = XCBuildConfiguration;
			buildSettings = {
				ASSETCATALOG_COMPILER_APPICON_NAME = AppIcon;
				INFOPLIST_FILE = Pong/Info.plist;
				LD_RUNPATH_SEARCH_PATHS = "$(inherited) @executable_path/Frameworks";
				PRODUCT_BUNDLE_IDENTIFIER = eric574.Pong;
				PRODUCT_NAME = "$(TARGET_NAME)";
				SWIFT_VERSION = 3.0;
			};
			name = Release;
		};
		075FD6561F5A17140094AB65 /* Debug */ = {
			isa = XCBuildConfiguration;
			buildSettings = {
				ALWAYS_EMBED_SWIFT_STANDARD_LIBRARIES = YES;
				BUNDLE_LOADER = "$(TEST_HOST)";
				INFOPLIST_FILE = PongTests/Info.plist;
				LD_RUNPATH_SEARCH_PATHS = "$(inherited) @executable_path/Frameworks @loader_path/Frameworks";
				PRODUCT_BUNDLE_IDENTIFIER = eric574.PongTests;
				PRODUCT_NAME = "$(TARGET_NAME)";
				SWIFT_VERSION = 3.0;
				TEST_HOST = "$(BUILT_PRODUCTS_DIR)/Pong.app/Pong";
			};
			name = Debug;
		};
		075FD6571F5A17140094AB65 /* Release */ = {
			isa = XCBuildConfiguration;
			buildSettings = {
				ALWAYS_EMBED_SWIFT_STANDARD_LIBRARIES = YES;
				BUNDLE_LOADER = "$(TEST_HOST)";
				INFOPLIST_FILE = PongTests/Info.plist;
				LD_RUNPATH_SEARCH_PATHS = "$(inherited) @executable_path/Frameworks @loader_path/Frameworks";
				PRODUCT_BUNDLE_IDENTIFIER = eric574.PongTests;
				PRODUCT_NAME = "$(TARGET_NAME)";
				SWIFT_VERSION = 3.0;
				TEST_HOST = "$(BUILT_PRODUCTS_DIR)/Pong.app/Pong";
			};
			name = Release;
		};
		075FD6591F5A17140094AB65 /* Debug */ = {
			isa = XCBuildConfiguration;
			buildSettings = {
				ALWAYS_EMBED_SWIFT_STANDARD_LIBRARIES = YES;
				INFOPLIST_FILE = PongUITests/Info.plist;
				LD_RUNPATH_SEARCH_PATHS = "$(inherited) @executable_path/Frameworks @loader_path/Frameworks";
				PRODUCT_BUNDLE_IDENTIFIER = eric574.PongUITests;
				PRODUCT_NAME = "$(TARGET_NAME)";
				SWIFT_VERSION = 3.0;
				TEST_TARGET_NAME = Pong;
			};
			name = Debug;
		};
		075FD65A1F5A17140094AB65 /* Release */ = {
			isa = XCBuildConfiguration;
			buildSettings = {
				ALWAYS_EMBED_SWIFT_STANDARD_LIBRARIES = YES;
				INFOPLIST_FILE = PongUITests/Info.plist;
				LD_RUNPATH_SEARCH_PATHS = "$(inherited) @executable_path/Frameworks @loader_path/Frameworks";
				PRODUCT_BUNDLE_IDENTIFIER = eric574.PongUITests;
				PRODUCT_NAME = "$(TARGET_NAME)";
				SWIFT_VERSION = 3.0;
				TEST_TARGET_NAME = Pong;
			};
			name = Release;
		};
/* End XCBuildConfiguration section */

/* Begin XCConfigurationList section */
		075FD61F1F5A17130094AB65 /* Build configuration list for PBXProject "Pong" */ = {
			isa = XCConfigurationList;
			buildConfigurations = (
				075FD6501F5A17140094AB65 /* Debug */,
				075FD6511F5A17140094AB65 /* Release */,
			);
			defaultConfigurationIsVisible = 0;
			defaultConfigurationName = Release;
		};
		075FD6521F5A17140094AB65 /* Build configuration list for PBXNativeTarget "Pong" */ = {
			isa = XCConfigurationList;
			buildConfigurations = (
				075FD6531F5A17140094AB65 /* Debug */,
				075FD6541F5A17140094AB65 /* Release */,
			);
			defaultConfigurationIsVisible = 0;
			defaultConfigurationName = Release;
		};
		075FD6551F5A17140094AB65 /* Build configuration list for PBXNativeTarget "PongTests" */ = {
			isa = XCConfigurationList;
			buildConfigurations = (
				075FD6561F5A17140094AB65 /* Debug */,
				075FD6571F5A17140094AB65 /* Release */,
			);
			defaultConfigurationIsVisible = 0;
			defaultConfigurationName = Release;
		};
		075FD6581F5A17140094AB65 /* Build configuration list for PBXNativeTarget "PongUITests" */ = {
			isa = XCConfigurationList;
			buildConfigurations = (
				075FD6591F5A17140094AB65 /* Debug */,
				075FD65A1F5A17140094AB65 /* Release */,
			);
			defaultConfigurationIsVisible = 0;
			defaultConfigurationName = Release;
		};
/* End XCConfigurationList section */
	};
	rootObject = 075FD61C1F5A17130094AB65 /* Project object */;
}
